
Microsoft Visual Studio Solution File, Format Version 12.00
# Visual Studio Version 17
VisualStudioVersion = 17.0.31903.59
MinimumVisualStudioVersion = 10.0.40219.1
Project("{FAE04EC0-301F-11D3-BF4B-00C04F79EFBC}") = "ClassLibrary", "ClassLibrary\ClassLibrary.csproj", "{9CDF7A72-BB4B-4F07-8B0E-93A1FA0897DD}"
EndProject
Global
	GlobalSection(SolutionConfigurationPlatforms) = preSolution
		Debug|Any CPU = Debug|Any CPU
		Release|Any CPU = Release|Any CPU
	EndGlobalSection
	GlobalSection(SolutionProperties) = preSolution
		HideSolutionNode = FALSE
	EndGlobalSection
	GlobalSection(ProjectConfigurationPlatforms) = postSolution
		{9CDF7A72-BB4B-4F07-8B0E-93A1FA0897DD}.Debug|Any CPU.ActiveCfg = Debug|Any CPU
		{9CDF7A72-BB4B-4F07-8B0E-93A1FA0897DD}.Debug|Any CPU.Build.0 = Debug|Any CPU
		{9CDF7A72-BB4B-4F07-8B0E-93A1FA0897DD}.Release|Any CPU.ActiveCfg = Release|Any CPU
		{9CDF7A72-BB4B-4F07-8B0E-93A1FA0897DD}.Release|Any CPU.Build.0 = Release|Any CPU
	EndGlobalSection
EndGlobal
